github.com/davecgh/go-spew v1.1.1/go.mod h1:J7Y8YcW2NihsgmVo/mv3lAwl/skON4iLHjSsI+c5H38=
github.com/pelletier/go-toml v1.8.2-0.20201124181426-2e01f733df54 h1:U7n5zyrdmyUTvXR7DRuSRrdFBkjcIPeCjSG2GScQSL8=
github.com/pelletier/go-toml v1.8.2-0.20201124181426-2e01f733df54/go.mod h1:T2/BmBdy8dvIRq1a/8aqjN41wvWlN4lrapLU/GW4pbc=
